<?xml version="1.0" encoding="utf-8"?>
<Project ToolsVersion="4.0" xmlns="http://schemas.microsoft.com/developer/msbuild/2003">
  <ItemGroup>
    <Filter Include="include">
      <UniqueIdentifier>{a546af7c-9291-449b-80d4-7b25b2e38761}</UniqueIdentifier>
    </Filter>
    <Filter Include="src">
      <UniqueIdentifier>{de815623-ac1d-4d1a-9eaa-2bbd82549e36}</UniqueIdentifier>
    </Filter>
    <Filter Include="src\Siv3D">
      <UniqueIdentifier>{25a30690-3072-4bfb-9d19-2f30dc40c37d}</UniqueIdentifier>
    </Filter>
    <Filter Include="src\Siv3D-Platform">
      <UniqueIdentifier>{5f3afd2d-f87f-4c3f-a467-e5c8c5a349a1}</UniqueIdentifier>
    </Filter>
    <Filter Include="src\ThirdParty">
      <UniqueIdentifier>{1bcc5ca4-0741-4299-ae24-4c86defdd305}</UniqueIdentifier>
    </Filter>
    <Filter Include="src\ThirdParty-prebuilt">
      <UniqueIdentifier>{a1a890a4-2a0a-44b8-8b6a-ce266204c274}</UniqueIdentifier>
    </Filter>
    <Filter Include="include\ThirdParty">
      <UniqueIdentifier>{45bcf599-e12c-4dfa-9588-f1a090af674e}</UniqueIdentifier>
    </Filter>
    <Filter Include="include\Siv3D">
      <UniqueIdentifier>{df8411fd-f669-4b9e-8247-86d6cc9ea89e}</UniqueIdentifier>
    </Filter>
    <Filter Include="src\Siv3D-Platform\WindowsDesktop">
      <UniqueIdentifier>{51bb9530-d733-4a66-9236-ac6e206ce4f0}</UniqueIdentifier>
    </Filter>
    <Filter Include="src\Siv3D-Platform\WindowsDesktop\Siv3D">
      <UniqueIdentifier>{a876d0d3-ce85-45c9-b6c2-6f8e79238fbf}</UniqueIdentifier>
    </Filter>
    <Filter Include="include\Siv3D\Windows">
      <UniqueIdentifier>{79a8ad77-0f46-4fe6-b5e4-67478d644055}</UniqueIdentifier>
    </Filter>
    <Filter Include="src\Siv3D\Console">
      <UniqueIdentifier>{84b759db-1d58-4aee-8524-6fc143841374}</UniqueIdentifier>
    </Filter>
    <Filter Include="src\Siv3D\ConsoleBuffer">
      <UniqueIdentifier>{566916c9-6328-4608-99c8-ccbd63e8692f}</UniqueIdentifier>
    </Filter>
    <Filter Include="src\Siv3D\Engine">
      <UniqueIdentifier>{5270b570-d1bb-4e7c-b63e-2dc0c3e25f36}</UniqueIdentifier>
    </Filter>
    <Filter Include="src\Siv3D-Platform\WindowsDesktop\Siv3D\Console">
      <UniqueIdentifier>{7dfa73e3-847b-4565-a751-dca7c199a96a}</UniqueIdentifier>
    </Filter>
    <Filter Include="include\Siv3D\detail">
      <UniqueIdentifier>{08190171-0a02-476b-a8be-f4b3f03f5f90}</UniqueIdentifier>
    </Filter>
    <Filter Include="include\ThirdParty\nanobench">
      <UniqueIdentifier>{a23b1a70-8468-4c52-94c6-53bb01442644}</UniqueIdentifier>
    </Filter>
    <Filter Include="include\ThirdParty\doctest">
      <UniqueIdentifier>{2cf54ab0-bbfa-4808-bc12-56057da7de6e}</UniqueIdentifier>
    </Filter>
    <Filter Include="src\ThirdParty\wyhash">
      <UniqueIdentifier>{0fbe79bb-46cb-488a-a126-6b59be0b9a1d}</UniqueIdentifier>
    </Filter>
    <Filter Include="src\Siv3D\Hash">
      <UniqueIdentifier>{b932708b-3b68-4857-8b7e-1c9ee865dcf6}</UniqueIdentifier>
    </Filter>
    <Filter Include="src\ThirdParty\xxHash">
      <UniqueIdentifier>{df24fc8d-f5f3-4875-83f5-8e212a6e63c9}</UniqueIdentifier>
    </Filter>
    <Filter Include="src\Siv3D\Unicode">
      <UniqueIdentifier>{5496d209-7288-42a3-868d-18fb72808c21}</UniqueIdentifier>
    </Filter>
    <Filter Include="src\ThirdParty\simdutf">
      <UniqueIdentifier>{73056523-ab1a-4082-8f79-7a9843163b02}</UniqueIdentifier>
    </Filter>
    <Filter Include="src\Siv3D\StringView">
      <UniqueIdentifier>{85c33afd-4009-43ce-97d0-38ad1a1eacda}</UniqueIdentifier>
    </Filter>
    <Filter Include="src\Siv3D\String">
      <UniqueIdentifier>{9e203417-9d3a-4b60-b9b1-e881addc2f05}</UniqueIdentifier>
    </Filter>
    <Filter Include="src\Siv3D\Formatter">
      <UniqueIdentifier>{2ae477a0-4ce6-424c-9400-6106570a777b}</UniqueIdentifier>
    </Filter>
    <Filter Include="src\Siv3D\IntFormatter">
      <UniqueIdentifier>{5bb0481e-99cc-482a-8e6e-eb2dae41f495}</UniqueIdentifier>
    </Filter>
    <Filter Include="src\Siv3D\FloatFormatter">
      <UniqueIdentifier>{bdaa6165-576d-42db-b884-604c3f7dd2ab}</UniqueIdentifier>
    </Filter>
    <Filter Include="src\ThirdParty\double-conversion">
      <UniqueIdentifier>{6525139d-33fc-491e-93d2-f4015b2948fb}</UniqueIdentifier>
    </Filter>
    <Filter Include="include\ThirdParty\mimalloc">
      <UniqueIdentifier>{83a35957-efaa-4ffd-960f-eca2a741654e}</UniqueIdentifier>
    </Filter>
    <Filter Include="src\ThirdParty-prebuilt\mimalloc">
      <UniqueIdentifier>{d8b8223c-68e0-4344-bd09-853993ace058}</UniqueIdentifier>
    </Filter>
    <Filter Include="src\Siv3D-Platform\WindowsDesktop\Siv3D\Memory">
      <UniqueIdentifier>{56b41572-0d09-4451-990d-bdcd05b67180}</UniqueIdentifier>
    </Filter>
    <Filter Include="src\Siv3D\IntToString">
      <UniqueIdentifier>{bc0d9104-d397-4fd2-a492-e60d4f4c4355}</UniqueIdentifier>
    </Filter>
    <Filter Include="src\Siv3D\FormatData">
      <UniqueIdentifier>{06e95f34-d42b-4032-8d9e-ceebf2caa1c0}</UniqueIdentifier>
    </Filter>
    <Filter Include="src\Siv3D\FloatToString">
      <UniqueIdentifier>{f6e5e7ec-7e06-4868-b292-1fab3ae0f46a}</UniqueIdentifier>
    </Filter>
    <Filter Include="src\Siv3D\BoolToString">
      <UniqueIdentifier>{a5cc62c5-ca19-4655-a745-1b10ab6cace5}</UniqueIdentifier>
    </Filter>
    <Filter Include="src\Siv3D\Optional">
      <UniqueIdentifier>{7a0b6584-2608-454e-af91-a4be77157647}</UniqueIdentifier>
    </Filter>
    <Filter Include="src\Siv3D\Error">
      <UniqueIdentifier>{1bccd29a-0855-4942-acaf-73f3c168b879}</UniqueIdentifier>
    </Filter>
    <Filter Include="src\Siv3D\Demangle">
      <UniqueIdentifier>{9a5e6d66-9462-4dc5-aec7-56d4c1d3f43d}</UniqueIdentifier>
    </Filter>
    <Filter Include="src\Siv3D\Byte">
      <UniqueIdentifier>{8ab0f6e7-f37a-4326-b46d-b674f918d810}</UniqueIdentifier>
    </Filter>
    <Filter Include="include\ThirdParty\jthread">
      <UniqueIdentifier>{a37c3f23-8423-47ee-a943-284dfff013b6}</UniqueIdentifier>
    </Filter>
    <Filter Include="include\ThirdParty\expected">
      <UniqueIdentifier>{26b9c9b3-75bd-4484-adad-17a5d5cb172c}</UniqueIdentifier>
    </Filter>
    <Filter Include="src\Siv3D\Date">
      <UniqueIdentifier>{5651f882-2b77-4f45-995e-dc853d7ed5a4}</UniqueIdentifier>
    </Filter>
    <Filter Include="src\Siv3D\DateTime">
      <UniqueIdentifier>{e8d46b35-6439-4fd1-ad65-41a298fb7213}</UniqueIdentifier>
    </Filter>
    <Filter Include="src\Siv3D-Platform\WindowsDesktop\Siv3D\Date">
      <UniqueIdentifier>{607ae2f8-125f-4850-8c02-95658a43972b}</UniqueIdentifier>
    </Filter>
    <Filter Include="src\Siv3D-Platform\WindowsDesktop\Siv3D\DateTime">
      <UniqueIdentifier>{725808bf-3655-4f9b-b396-8259f40e81f1}</UniqueIdentifier>
    </Filter>
    <Filter Include="src\Siv3D-Platform\WindowsDesktop\Siv3D\Time">
      <UniqueIdentifier>{898c45f0-bef2-497c-b2be-90d0d2098fe2}</UniqueIdentifier>
    </Filter>
    <Filter Include="src\Siv3D\Stopwatch">
      <UniqueIdentifier>{7b0d39b0-bfb5-4891-a2d0-847c64118f77}</UniqueIdentifier>
    </Filter>
    <Filter Include="src\Siv3D\Duration">
      <UniqueIdentifier>{44b8ccb5-e2a6-49d3-ad8a-1cab2a726c59}</UniqueIdentifier>
    </Filter>
    <Filter Include="src\Siv3D\FormatUtility">
      <UniqueIdentifier>{2c69bb9f-cb9a-44d4-9e9c-1dfe47047ca7}</UniqueIdentifier>
    </Filter>
    <Filter Include="src\Siv3D\Logger">
      <UniqueIdentifier>{bab70111-893c-4f81-a7a2-401d25fb58be}</UniqueIdentifier>
    </Filter>
    <Filter Include="src\Siv3D-Platform\WindowsDesktop\Siv3D\Logger">
      <UniqueIdentifier>{ff033043-dd9a-47df-a591-f59702a14c1a}</UniqueIdentifier>
    </Filter>
    <Filter Include="src\Siv3D\EngineLog">
      <UniqueIdentifier>{29196edd-05f3-4bed-9c4a-89730870e6d8}</UniqueIdentifier>
    </Filter>
    <Filter Include="src\Siv3D\BinaryReader">
      <UniqueIdentifier>{ba529226-a699-4c6d-a1df-7e8b58e3f123}</UniqueIdentifier>
    </Filter>
    <Filter Include="src\Siv3D-Platform\WindowsDesktop\Siv3D\BinaryReader">
      <UniqueIdentifier>{c7b8aa4b-732a-4089-b5ec-22364aef9781}</UniqueIdentifier>
    </Filter>
    <Filter Include="include\ThirdParty\fmt">
      <UniqueIdentifier>{b2d0e130-5452-4f05-b12c-dfb63c19e6fd}</UniqueIdentifier>
    </Filter>
    <Filter Include="src\ThirdParty\fmt">
      <UniqueIdentifier>{d9cd66d8-e1f7-4c8c-af81-5b7dd3abcd59}</UniqueIdentifier>
    </Filter>
    <Filter Include="src\Siv3D-Platform\WindowsDesktop\Siv3D\FileSystem">
      <UniqueIdentifier>{4d846f7d-d0d7-4041-994e-a7feec2911a9}</UniqueIdentifier>
    </Filter>
  </ItemGroup>
  <ItemGroup>
    <ClInclude Include="..\Siv3D\include\Siv3D.hpp">
      <Filter>include</Filter>
    </ClInclude>
    <ClInclude Include="..\Siv3D\include\Siv3D\Windows\ComPtr.hpp">
      <Filter>include\Siv3D\Windows</Filter>
    </ClInclude>
    <ClInclude Include="..\Siv3D\include\Siv3D\Windows\Libraries.hpp">
      <Filter>include\Siv3D\Windows</Filter>
    </ClInclude>
    <ClInclude Include="..\Siv3D\include\Siv3D\Windows\MinWindows.hpp">
      <Filter>include\Siv3D\Windows</Filter>
    </ClInclude>
    <ClInclude Include="..\Siv3D\include\Siv3D\Windows\Windows.hpp">
      <Filter>include\Siv3D\Windows</Filter>
    </ClInclude>
    <ClInclude Include="..\Siv3D\include\Siv3D\Platform.hpp">
      <Filter>include\Siv3D</Filter>
    </ClInclude>
    <ClInclude Include="..\Siv3D\include\Siv3D\CompilerVersion.hpp">
      <Filter>include\Siv3D</Filter>
    </ClInclude>
    <ClInclude Include="..\Siv3D\include\Siv3D\Version.hpp">
      <Filter>include\Siv3D</Filter>
    </ClInclude>
    <ClInclude Include="..\Siv3D\src\Siv3D\Engine\Siv3DComponent.hpp">
      <Filter>src\Siv3D\Engine</Filter>
    </ClInclude>
    <ClInclude Include="..\Siv3D\src\Siv3D\Engine\Siv3DEngine.hpp">
      <Filter>src\Siv3D\Engine</Filter>
    </ClInclude>
    <ClInclude Include="..\Siv3D\src\Siv3D\Console\IConsole.hpp">
      <Filter>src\Siv3D\Console</Filter>
    </ClInclude>
    <ClInclude Include="..\Siv3D\include\Siv3D\Common.hpp">
      <Filter>include\Siv3D</Filter>
    </ClInclude>
    <ClInclude Include="..\Siv3D\src\Siv3D-Platform\WindowsDesktop\Siv3D\Console\CConsole.hpp">
      <Filter>src\Siv3D-Platform\WindowsDesktop\Siv3D\Console</Filter>
    </ClInclude>
    <ClInclude Include="..\Siv3D\include\Siv3D\ConsoleBuffer.hpp">
      <Filter>include\Siv3D</Filter>
    </ClInclude>
    <ClInclude Include="..\Siv3D\include\Siv3D\Console.hpp">
      <Filter>include\Siv3D</Filter>
    </ClInclude>
    <ClInclude Include="..\Siv3D\include\Siv3D\detail\Console.ipp">
      <Filter>include\Siv3D\detail</Filter>
    </ClInclude>
    <ClInclude Include="..\Siv3D\include\Siv3D\detail\ConsoleBuffer.ipp">
      <Filter>include\Siv3D\detail</Filter>
    </ClInclude>
    <ClInclude Include="..\Siv3D\include\ThirdParty\nanobench\nanobench.h">
      <Filter>include\ThirdParty\nanobench</Filter>
    </ClInclude>
    <ClInclude Include="..\Siv3D\include\ThirdParty\doctest\doctest.h">
      <Filter>include\ThirdParty\doctest</Filter>
    </ClInclude>
    <ClInclude Include="..\Siv3D\include\Siv3D\Types.hpp">
      <Filter>include\Siv3D</Filter>
    </ClInclude>
    <ClInclude Include="..\Siv3D\include\Siv3D\Concepts.hpp">
      <Filter>include\Siv3D</Filter>
    </ClInclude>
    <ClInclude Include="..\Siv3D\include\Siv3D\Utility.hpp">
      <Filter>include\Siv3D</Filter>
    </ClInclude>
    <ClInclude Include="..\Siv3D\include\Siv3D\detail\Utility.ipp">
      <Filter>include\Siv3D\detail</Filter>
    </ClInclude>
    <ClInclude Include="..\Siv3D\include\Siv3D\Uncopyable.hpp">
      <Filter>include\Siv3D</Filter>
    </ClInclude>
    <ClInclude Include="..\Siv3D\include\Siv3D\YesNo.hpp">
      <Filter>include\Siv3D</Filter>
    </ClInclude>
    <ClInclude Include="..\Siv3D\include\Siv3D\detail\YesNo.ipp">
      <Filter>include\Siv3D\detail</Filter>
    </ClInclude>
    <ClInclude Include="..\Siv3D\include\Siv3D\PredefinedYesNo.hpp">
      <Filter>include\Siv3D</Filter>
    </ClInclude>
    <ClInclude Include="..\Siv3D\include\Siv3D\NamedParameter.hpp">
      <Filter>include\Siv3D</Filter>
    </ClInclude>
    <ClInclude Include="..\Siv3D\include\Siv3D\PredefinedNamedParameter.hpp">
      <Filter>include\Siv3D</Filter>
    </ClInclude>
    <ClInclude Include="..\Siv3D\src\ThirdParty\wyhash\wyhash.h">
      <Filter>src\ThirdParty\wyhash</Filter>
    </ClInclude>
    <ClInclude Include="..\Siv3D\include\Siv3D\Hash.hpp">
      <Filter>include\Siv3D</Filter>
    </ClInclude>
    <ClInclude Include="..\Siv3D\include\Siv3D\detail\Hash.ipp">
      <Filter>include\Siv3D\detail</Filter>
    </ClInclude>
    <ClInclude Include="..\Siv3D\src\ThirdParty\xxHash\xxhash.h">
      <Filter>src\ThirdParty\xxHash</Filter>
    </ClInclude>
    <ClInclude Include="..\Siv3D\include\Siv3D\Optional.hpp">
      <Filter>include\Siv3D</Filter>
    </ClInclude>
    <ClInclude Include="..\Siv3D\include\Siv3D\Char.hpp">
      <Filter>include\Siv3D</Filter>
    </ClInclude>
    <ClInclude Include="..\Siv3D\include\Siv3D\detail\Char.ipp">
      <Filter>include\Siv3D\detail</Filter>
    </ClInclude>
    <ClInclude Include="..\Siv3D\include\Siv3D\StringView.hpp">
      <Filter>include\Siv3D</Filter>
    </ClInclude>
    <ClInclude Include="..\Siv3D\include\Siv3D\detail\StringView.ipp">
      <Filter>include\Siv3D\detail</Filter>
    </ClInclude>
    <ClInclude Include="..\Siv3D\include\Siv3D\String.hpp">
      <Filter>include\Siv3D</Filter>
    </ClInclude>
    <ClInclude Include="..\Siv3D\include\Siv3D\detail\String.ipp">
      <Filter>include\Siv3D\detail</Filter>
    </ClInclude>
    <ClInclude Include="..\Siv3D\include\Siv3D\Unicode.hpp">
      <Filter>include\Siv3D</Filter>
    </ClInclude>
    <ClInclude Include="..\Siv3D\include\Siv3D\detail\Unicode.ipp">
      <Filter>include\Siv3D\detail</Filter>
    </ClInclude>
    <ClInclude Include="..\Siv3D\src\ThirdParty\simdutf\simdutf.h">
      <Filter>src\ThirdParty\simdutf</Filter>
    </ClInclude>
    <ClInclude Include="..\Siv3D\include\Siv3D\FormatData.hpp">
      <Filter>include\Siv3D</Filter>
    </ClInclude>
    <ClInclude Include="..\Siv3D\include\Siv3D\detail\FormatData.ipp">
      <Filter>include\Siv3D\detail</Filter>
    </ClInclude>
    <ClInclude Include="..\Siv3D\include\Siv3D\Formatter.hpp">
      <Filter>include\Siv3D</Filter>
    </ClInclude>
    <ClInclude Include="..\Siv3D\include\Siv3D\Format.hpp">
      <Filter>include\Siv3D</Filter>
    </ClInclude>
    <ClInclude Include="..\Siv3D\include\Siv3D\detail\Format.ipp">
      <Filter>include\Siv3D\detail</Filter>
    </ClInclude>
    <ClInclude Include="..\Siv3D\include\Siv3D\IntFormatter.hpp">
      <Filter>include\Siv3D</Filter>
    </ClInclude>
    <ClInclude Include="..\Siv3D\include\Siv3D\detail\IntFormatter.ipp">
      <Filter>include\Siv3D\detail</Filter>
    </ClInclude>
    <ClInclude Include="..\Siv3D\include\Siv3D\FloatFormatter.hpp">
      <Filter>include\Siv3D</Filter>
    </ClInclude>
    <ClInclude Include="..\Siv3D\include\Siv3D\detail\FloatFormatter.ipp">
      <Filter>include\Siv3D\detail</Filter>
    </ClInclude>
    <ClInclude Include="..\Siv3D\src\ThirdParty\double-conversion\bignum-dtoa.h">
      <Filter>src\ThirdParty\double-conversion</Filter>
    </ClInclude>
    <ClInclude Include="..\Siv3D\src\ThirdParty\double-conversion\bignum.h">
      <Filter>src\ThirdParty\double-conversion</Filter>
    </ClInclude>
    <ClInclude Include="..\Siv3D\src\ThirdParty\double-conversion\cached-powers.h">
      <Filter>src\ThirdParty\double-conversion</Filter>
    </ClInclude>
    <ClInclude Include="..\Siv3D\src\ThirdParty\double-conversion\diy-fp.h">
      <Filter>src\ThirdParty\double-conversion</Filter>
    </ClInclude>
    <ClInclude Include="..\Siv3D\src\ThirdParty\double-conversion\double-conversion.h">
      <Filter>src\ThirdParty\double-conversion</Filter>
    </ClInclude>
    <ClInclude Include="..\Siv3D\src\ThirdParty\double-conversion\double-to-string.h">
      <Filter>src\ThirdParty\double-conversion</Filter>
    </ClInclude>
    <ClInclude Include="..\Siv3D\src\ThirdParty\double-conversion\fast-dtoa.h">
      <Filter>src\ThirdParty\double-conversion</Filter>
    </ClInclude>
    <ClInclude Include="..\Siv3D\src\ThirdParty\double-conversion\fixed-dtoa.h">
      <Filter>src\ThirdParty\double-conversion</Filter>
    </ClInclude>
    <ClInclude Include="..\Siv3D\src\ThirdParty\double-conversion\ieee.h">
      <Filter>src\ThirdParty\double-conversion</Filter>
    </ClInclude>
    <ClInclude Include="..\Siv3D\src\ThirdParty\double-conversion\utils.h">
      <Filter>src\ThirdParty\double-conversion</Filter>
    </ClInclude>
    <ClInclude Include="..\Siv3D\include\Siv3D\Memory.hpp">
      <Filter>include\Siv3D</Filter>
    </ClInclude>
    <ClInclude Include="..\Siv3D\include\Siv3D\detail\Memory.ipp">
      <Filter>include\Siv3D\detail</Filter>
    </ClInclude>
    <ClInclude Include="..\Siv3D\src\ThirdParty-prebuilt\mimalloc\mimalloc-new-delete.h">
      <Filter>src\ThirdParty-prebuilt\mimalloc</Filter>
    </ClInclude>
    <ClInclude Include="..\Siv3D\include\ThirdParty\mimalloc\mimalloc.h">
      <Filter>include\ThirdParty\mimalloc</Filter>
    </ClInclude>
    <ClInclude Include="..\Siv3D\include\Siv3D\NonNull.hpp">
      <Filter>include\Siv3D</Filter>
    </ClInclude>
    <ClInclude Include="..\Siv3D\include\Siv3D\detail\NonNull.ipp">
      <Filter>include\Siv3D\detail</Filter>
    </ClInclude>
    <ClInclude Include="..\Siv3D\include\Siv3D\ScopeExit.hpp">
      <Filter>include\Siv3D</Filter>
    </ClInclude>
    <ClInclude Include="..\Siv3D\include\Siv3D\detail\ScopeExit.ipp">
      <Filter>include\Siv3D\detail</Filter>
    </ClInclude>
    <ClInclude Include="..\Siv3D\include\Siv3D\UniqueResource.hpp">
      <Filter>include\Siv3D</Filter>
    </ClInclude>
    <ClInclude Include="..\Siv3D\include\Siv3D\detail\UniqueResource.ipp">
      <Filter>include\Siv3D\detail</Filter>
    </ClInclude>
    <ClInclude Include="..\Siv3D\include\Siv3D\IntToString.hpp">
      <Filter>include\Siv3D</Filter>
    </ClInclude>
    <ClInclude Include="..\Siv3D\include\Siv3D\LetterCase.hpp">
      <Filter>include\Siv3D</Filter>
    </ClInclude>
    <ClInclude Include="..\Siv3D\include\Siv3D\FloatToString.hpp">
      <Filter>include\Siv3D</Filter>
    </ClInclude>
    <ClInclude Include="..\Siv3D\include\Siv3D\detail\IntToString.ipp">
      <Filter>include\Siv3D\detail</Filter>
    </ClInclude>
    <ClInclude Include="..\Siv3D\include\Siv3D\BoolToString.hpp">
      <Filter>include\Siv3D</Filter>
    </ClInclude>
    <ClInclude Include="..\Siv3D\include\Siv3D\detail\Optional.ipp">
      <Filter>include\Siv3D\detail</Filter>
    </ClInclude>
    <ClInclude Include="..\Siv3D\include\Siv3D\Array.hpp">
      <Filter>include\Siv3D</Filter>
    </ClInclude>
    <ClInclude Include="..\Siv3D\include\Siv3D\Error.hpp">
      <Filter>include\Siv3D</Filter>
    </ClInclude>
    <ClInclude Include="..\Siv3D\include\Siv3D\RangeFormatter.hpp">
      <Filter>include\Siv3D</Filter>
    </ClInclude>
    <ClInclude Include="..\Siv3D\include\Siv3D\detail\RangeFormatter.ipp">
      <Filter>include\Siv3D</Filter>
    </ClInclude>
    <ClInclude Include="..\Siv3D\include\Siv3D\TupleFormatter.hpp">
      <Filter>include\Siv3D</Filter>
    </ClInclude>
    <ClInclude Include="..\Siv3D\include\Siv3D\detail\TupleFormatter.ipp">
      <Filter>include\Siv3D\detail</Filter>
    </ClInclude>
    <ClInclude Include="..\Siv3D\include\Siv3D\Demangle.hpp">
      <Filter>include\Siv3D</Filter>
    </ClInclude>
    <ClInclude Include="..\Siv3D\include\Siv3D\Byte.hpp">
      <Filter>include\Siv3D</Filter>
    </ClInclude>
    <ClInclude Include="..\Siv3D\include\Siv3D\KahanSummation.hpp">
      <Filter>include\Siv3D</Filter>
    </ClInclude>
    <ClInclude Include="..\Siv3D\include\Siv3D\detail\KahanSummation.ipp">
      <Filter>include\Siv3D\detail</Filter>
    </ClInclude>
    <ClInclude Include="..\Siv3D\include\Siv3D\Thread.hpp">
      <Filter>include\Siv3D</Filter>
    </ClInclude>
    <ClInclude Include="..\Siv3D\include\Siv3D\detail\Thread.ipp">
      <Filter>include\Siv3D\detail</Filter>
    </ClInclude>
    <ClInclude Include="..\Siv3D\include\ThirdParty\jthread\stop_token.hpp">
      <Filter>include\ThirdParty\jthread</Filter>
    </ClInclude>
    <ClInclude Include="..\Siv3D\include\ThirdParty\expected\expected.hpp">
      <Filter>include\ThirdParty\expected</Filter>
    </ClInclude>
    <ClInclude Include="..\Siv3D\include\Siv3D\Expected.hpp">
      <Filter>include\Siv3D</Filter>
    </ClInclude>
    <ClInclude Include="..\Siv3D\include\Siv3D\detail\Expected.ipp">
      <Filter>include\Siv3D\detail</Filter>
    </ClInclude>
    <ClInclude Include="..\Siv3D\include\Siv3D\AsyncTask.hpp">
      <Filter>include\Siv3D</Filter>
    </ClInclude>
    <ClInclude Include="..\Siv3D\include\Siv3D\detail\AsyncTask.ipp">
      <Filter>include\Siv3D\detail</Filter>
    </ClInclude>
    <ClInclude Include="..\Siv3D\include\Siv3D\Duration.hpp">
      <Filter>include\Siv3D</Filter>
    </ClInclude>
    <ClInclude Include="..\Siv3D\include\Siv3D\detail\Duration.ipp">
      <Filter>include\Siv3D\detail</Filter>
    </ClInclude>
    <ClInclude Include="..\Siv3D\include\Siv3D\IWriter.hpp">
      <Filter>include\Siv3D</Filter>
    </ClInclude>
    <ClInclude Include="..\Siv3D\include\Siv3D\IReader.hpp">
      <Filter>include\Siv3D</Filter>
    </ClInclude>
    <ClInclude Include="..\Siv3D\include\Siv3D\detail\IReader.ipp">
      <Filter>include\Siv3D\detail</Filter>
    </ClInclude>
    <ClInclude Include="..\Siv3D\include\Siv3D\detail\IWriter.ipp">
      <Filter>include\Siv3D\detail</Filter>
    </ClInclude>
    <ClInclude Include="..\Siv3D\include\Siv3D\DayOfWeek.hpp">
      <Filter>include\Siv3D</Filter>
    </ClInclude>
    <ClInclude Include="..\Siv3D\include\Siv3D\Date.hpp">
      <Filter>include\Siv3D</Filter>
    </ClInclude>
    <ClInclude Include="..\Siv3D\include\Siv3D\detail\Date.ipp">
      <Filter>include\Siv3D\detail</Filter>
    </ClInclude>
    <ClInclude Include="..\Siv3D\include\Siv3D\DateTime.hpp">
      <Filter>include\Siv3D</Filter>
    </ClInclude>
    <ClInclude Include="..\Siv3D\include\Siv3D\FormatUtility.hpp">
      <Filter>include\Siv3D</Filter>
    </ClInclude>
    <ClInclude Include="..\Siv3D\include\Siv3D\detail\FormatUtility.ipp">
      <Filter>include\Siv3D\detail</Filter>
    </ClInclude>
    <ClInclude Include="..\Siv3D\include\Siv3D\detail\UtilityClass.ipp">
      <Filter>include\Siv3D\detail</Filter>
    </ClInclude>
    <ClInclude Include="..\Siv3D\include\Siv3D\detail\DateTime.ipp">
      <Filter>include\Siv3D\detail</Filter>
    </ClInclude>
    <ClInclude Include="..\Siv3D\include\Siv3D\Time.hpp">
      <Filter>include\Siv3D</Filter>
    </ClInclude>
    <ClInclude Include="..\Siv3D\include\Siv3D\ISteadyClock.hpp">
      <Filter>include\Siv3D</Filter>
    </ClInclude>
    <ClInclude Include="..\Siv3D\include\Siv3D\detail\ISteadyClock.ipp">
      <Filter>include\Siv3D\detail</Filter>
    </ClInclude>
    <ClInclude Include="..\Siv3D\include\Siv3D\Stopwatch.hpp">
      <Filter>include\Siv3D</Filter>
    </ClInclude>
    <ClInclude Include="..\Siv3D\src\Siv3D\Logger\ILogger.hpp">
      <Filter>src\Siv3D\Logger</Filter>
    </ClInclude>
    <ClInclude Include="..\Siv3D\src\Siv3D-Platform\WindowsDesktop\Siv3D\Logger\CLogger.hpp">
      <Filter>src\Siv3D-Platform\WindowsDesktop\Siv3D\Logger</Filter>
    </ClInclude>
    <ClInclude Include="..\Siv3D\include\Siv3D\LogType.hpp">
      <Filter>include\Siv3D</Filter>
    </ClInclude>
    <ClInclude Include="..\Siv3D\include\Siv3D\EngineLog.hpp">
      <Filter>include\Siv3D</Filter>
    </ClInclude>
    <ClInclude Include="..\Siv3D\include\Siv3D\BinaryReader.hpp">
      <Filter>include\Siv3D</Filter>
    </ClInclude>
    <ClInclude Include="..\Siv3D\include\Siv3D\BinaryWriter.hpp">
      <Filter>include\Siv3D</Filter>
    </ClInclude>
    <ClInclude Include="..\Siv3D\src\Siv3D-Platform\WindowsDesktop\Siv3D\BinaryReader\BinaryReaderDetail.hpp">
      <Filter>src\Siv3D-Platform\WindowsDesktop\Siv3D\BinaryReader</Filter>
    </ClInclude>
    <ClInclude Include="..\Siv3D\include\ThirdParty\fmt\format.h">
      <Filter>include\ThirdParty\fmt</Filter>
    </ClInclude>
    <ClInclude Include="..\Siv3D\include\ThirdParty\fmt\xchar.h">
      <Filter>include\ThirdParty\fmt</Filter>
    </ClInclude>
    <ClInclude Include="..\Siv3D\include\ThirdParty\fmt\core.h">
      <Filter>include\ThirdParty\fmt</Filter>
    </ClInclude>
    <ClInclude Include="..\Siv3D\include\Siv3D\FormatLiteral.hpp">
      <Filter>include\Siv3D</Filter>
    </ClInclude>
    <ClInclude Include="..\Siv3D\include\Siv3D\detail\FormatLiteral.ipp">
      <Filter>include\Siv3D\detail</Filter>
    </ClInclude>
    <ClInclude Include="..\Siv3D\src\ThirdParty\fmt\format-inl.h">
      <Filter>src\ThirdParty\fmt</Filter>
    </ClInclude>
    <ClInclude Include="..\Siv3D\include\Siv3D\FileSystem.hpp">
      <Filter>include\Siv3D</Filter>
    </ClInclude>
    <ClInclude Include="..\Siv3D\include\Siv3D\detail\BinaryReader.ipp">
      <Filter>include\Siv3D\detail</Filter>
    </ClInclude>
  </ItemGroup>
  <ItemGroup>
    <ClCompile Include="..\Siv3D\src\Siv3D-Platform\WindowsDesktop\Siv3D\Siv3DMain.cpp">
      <Filter>src\Siv3D-Platform\WindowsDesktop\Siv3D</Filter>
    </ClCompile>
    <ClCompile Include="..\Siv3D\src\Siv3D\Engine\Siv3DEngine.cpp">
      <Filter>src\Siv3D\Engine</Filter>
    </ClCompile>
    <ClCompile Include="..\Siv3D\src\Siv3D\ConsoleBuffer\SivConsoleBuffer.cpp">
      <Filter>src\Siv3D\ConsoleBuffer</Filter>
    </ClCompile>
    <ClCompile Include="..\Siv3D\src\Siv3D\Console\SivConsole.cpp">
      <Filter>src\Siv3D\Console</Filter>
    </ClCompile>
    <ClCompile Include="..\Siv3D\src\Siv3D\Console\ConsoleFactory.cpp">
      <Filter>src\Siv3D\Console</Filter>
    </ClCompile>
    <ClCompile Include="..\Siv3D\src\Siv3D-Platform\WindowsDesktop\Siv3D\Console\CConsole.cpp">
      <Filter>src\Siv3D-Platform\WindowsDesktop\Siv3D\Console</Filter>
    </ClCompile>
    <ClCompile Include="..\Siv3D\src\Siv3D\Hash\SivHash.cpp">
      <Filter>src\Siv3D\Hash</Filter>
    </ClCompile>
    <ClCompile Include="..\Siv3D\src\Siv3D\Unicode\SivUnicode.cpp">
      <Filter>src\Siv3D\Unicode</Filter>
    </ClCompile>
    <ClCompile Include="..\Siv3D\src\ThirdParty\simdutf\simdutf.cpp">
      <Filter>src\ThirdParty\simdutf</Filter>
    </ClCompile>
    <ClCompile Include="..\Siv3D\src\Siv3D\String\SivString.cpp">
      <Filter>src\Siv3D\String</Filter>
    </ClCompile>
    <ClCompile Include="..\Siv3D\src\Siv3D\StringView\SivStringView.cpp">
      <Filter>src\Siv3D\StringView</Filter>
    </ClCompile>
    <ClCompile Include="..\Siv3D\src\Siv3D\Formatter\SivFormatter.cpp">
      <Filter>src\Siv3D\Formatter</Filter>
    </ClCompile>
    <ClCompile Include="..\Siv3D\src\Siv3D\IntFormatter\SivIntFormatter.cpp">
      <Filter>src\Siv3D\IntFormatter</Filter>
    </ClCompile>
    <ClCompile Include="..\Siv3D\src\Siv3D\FloatFormatter\SivFloatFormatter.cpp">
      <Filter>src\Siv3D\FloatFormatter</Filter>
    </ClCompile>
    <ClCompile Include="..\Siv3D\src\ThirdParty\double-conversion\bignum-dtoa.cc">
      <Filter>src\ThirdParty\double-conversion</Filter>
    </ClCompile>
    <ClCompile Include="..\Siv3D\src\ThirdParty\double-conversion\bignum.cc">
      <Filter>src\ThirdParty\double-conversion</Filter>
    </ClCompile>
    <ClCompile Include="..\Siv3D\src\ThirdParty\double-conversion\cached-powers.cc">
      <Filter>src\ThirdParty\double-conversion</Filter>
    </ClCompile>
    <ClCompile Include="..\Siv3D\src\ThirdParty\double-conversion\double-to-string.cc">
      <Filter>src\ThirdParty\double-conversion</Filter>
    </ClCompile>
    <ClCompile Include="..\Siv3D\src\ThirdParty\double-conversion\fast-dtoa.cc">
      <Filter>src\ThirdParty\double-conversion</Filter>
    </ClCompile>
    <ClCompile Include="..\Siv3D\src\ThirdParty\double-conversion\fixed-dtoa.cc">
      <Filter>src\ThirdParty\double-conversion</Filter>
    </ClCompile>
    <ClCompile Include="..\Siv3D\src\Siv3D-Platform\WindowsDesktop\Siv3D\Memory\SivMemory.cpp">
      <Filter>src\Siv3D-Platform\WindowsDesktop\Siv3D\Memory</Filter>
    </ClCompile>
    <ClCompile Include="..\Siv3D\src\Siv3D\IntToString\SivIntToString.cpp">
      <Filter>src\Siv3D\IntToString</Filter>
    </ClCompile>
    <ClCompile Include="..\Siv3D\src\Siv3D\FormatData\SivFormatData.cpp">
      <Filter>src\Siv3D\FormatData</Filter>
    </ClCompile>
    <ClCompile Include="..\Siv3D\src\Siv3D\FloatToString\SivFloatToString.cpp">
      <Filter>src\Siv3D\FloatToString</Filter>
    </ClCompile>
    <ClCompile Include="..\Siv3D\src\Siv3D\BoolToString\SivBoolToString.cpp">
      <Filter>src\Siv3D\BoolToString</Filter>
    </ClCompile>
    <ClCompile Include="..\Siv3D\src\Siv3D\Optional\SivOptional.cpp">
      <Filter>src\Siv3D\Optional</Filter>
    </ClCompile>
    <ClCompile Include="..\Siv3D\src\Siv3D\Error\SivError.cpp">
      <Filter>src\Siv3D\Error</Filter>
    </ClCompile>
    <ClCompile Include="..\Siv3D\src\Siv3D\Demangle\SivDemangle.cpp">
      <Filter>src\Siv3D\Demangle</Filter>
    </ClCompile>
    <ClCompile Include="..\Siv3D\src\Siv3D\Byte\SivByte.cpp">
      <Filter>src\Siv3D\Byte</Filter>
    </ClCompile>
    <ClCompile Include="..\Siv3D\src\Siv3D\Date\SivDate.cpp">
      <Filter>src\Siv3D\Date</Filter>
    </ClCompile>
    <ClCompile Include="..\Siv3D\src\Siv3D\DateTime\SivDateTime.cpp">
      <Filter>src\Siv3D\DateTime</Filter>
    </ClCompile>
    <ClCompile Include="..\Siv3D\src\Siv3D-Platform\WindowsDesktop\Siv3D\DateTime\SivDateTime_Windows.cpp">
      <Filter>src\Siv3D-Platform\WindowsDesktop\Siv3D\DateTime</Filter>
    </ClCompile>
    <ClCompile Include="..\Siv3D\src\Siv3D-Platform\WindowsDesktop\Siv3D\Date\SivDate_Windows.cpp">
      <Filter>src\Siv3D-Platform\WindowsDesktop\Siv3D\Date</Filter>
    </ClCompile>
    <ClCompile Include="..\Siv3D\src\Siv3D-Platform\WindowsDesktop\Siv3D\Time\SivTime.cpp">
      <Filter>src\Siv3D-Platform\WindowsDesktop\Siv3D\Time</Filter>
    </ClCompile>
    <ClCompile Include="..\Siv3D\src\Siv3D\Stopwatch\SivStopwatch.cpp">
      <Filter>src\Siv3D\Stopwatch</Filter>
    </ClCompile>
    <ClCompile Include="..\Siv3D\src\Siv3D\Duration\SivDuration.cpp">
      <Filter>src\Siv3D\Duration</Filter>
    </ClCompile>
    <ClCompile Include="..\Siv3D\src\Siv3D\FormatUtility\SivFormatUtility.cpp">
      <Filter>src\Siv3D\FormatUtility</Filter>
    </ClCompile>
    <ClCompile Include="..\Siv3D\src\Siv3D\Logger\LoggerFactory.cpp">
      <Filter>src\Siv3D\Logger</Filter>
    </ClCompile>
    <ClCompile Include="..\Siv3D\src\Siv3D\Logger\SivLogger.cpp">
      <Filter>src\Siv3D\Logger</Filter>
    </ClCompile>
    <ClCompile Include="..\Siv3D\src\Siv3D-Platform\WindowsDesktop\Siv3D\Logger\CLogger.cpp">
      <Filter>src\Siv3D-Platform\WindowsDesktop\Siv3D\Logger</Filter>
    </ClCompile>
    <ClCompile Include="..\Siv3D\src\Siv3D\EngineLog\SivEngineLog.cpp">
      <Filter>src\Siv3D\EngineLog</Filter>
    </ClCompile>
    <ClCompile Include="..\Siv3D\src\Siv3D\BinaryReader\SivBinaryReader.cpp">
      <Filter>src\Siv3D\BinaryReader</Filter>
    </ClCompile>
    <ClCompile Include="..\Siv3D\src\Siv3D-Platform\WindowsDesktop\Siv3D\BinaryReader\BinaryReaderDetail.cpp">
      <Filter>src\Siv3D-Platform\WindowsDesktop\Siv3D\BinaryReader</Filter>
    </ClCompile>
    <ClCompile Include="..\Siv3D\src\ThirdParty\fmt\format.cc">
      <Filter>src\ThirdParty\fmt</Filter>
    </ClCompile>
    <ClCompile Include="..\Siv3D\src\Siv3D-Platform\WindowsDesktop\Siv3D\FileSystem\SivFileSystem_Windows.cpp">
      <Filter>src\Siv3D-Platform\WindowsDesktop\Siv3D\FileSystem</Filter>
    </ClCompile>
  </ItemGroup>
</Project>