<?xml version="1.0" encoding="utf-8"?>
<Project ToolsVersion="4.0" xmlns="http://schemas.microsoft.com/developer/msbuild/2003">
  <ItemGroup>
    <Filter Include="include">
      <UniqueIdentifier>{a546af7c-9291-449b-80d4-7b25b2e38761}</UniqueIdentifier>
    </Filter>
    <Filter Include="src">
      <UniqueIdentifier>{de815623-ac1d-4d1a-9eaa-2bbd82549e36}</UniqueIdentifier>
    </Filter>
    <Filter Include="src\Siv3D">
      <UniqueIdentifier>{25a30690-3072-4bfb-9d19-2f30dc40c37d}</UniqueIdentifier>
    </Filter>
    <Filter Include="src\Siv3D-Platform">
      <UniqueIdentifier>{5f3afd2d-f87f-4c3f-a467-e5c8c5a349a1}</UniqueIdentifier>
    </Filter>
    <Filter Include="src\ThirdParty">
      <UniqueIdentifier>{1bcc5ca4-0741-4299-ae24-4c86defdd305}</UniqueIdentifier>
    </Filter>
    <Filter Include="src\ThirdParty-prebuilt">
      <UniqueIdentifier>{a1a890a4-2a0a-44b8-8b6a-ce266204c274}</UniqueIdentifier>
    </Filter>
    <Filter Include="include\ThirdParty">
      <UniqueIdentifier>{45bcf599-e12c-4dfa-9588-f1a090af674e}</UniqueIdentifier>
    </Filter>
    <Filter Include="include\Siv3D">
      <UniqueIdentifier>{df8411fd-f669-4b9e-8247-86d6cc9ea89e}</UniqueIdentifier>
    </Filter>
    <Filter Include="src\Siv3D-Platform\OpenGL4">
      <UniqueIdentifier>{26d80dd6-19f5-4709-9a31-955a8814c9fd}</UniqueIdentifier>
    </Filter>
    <Filter Include="src\Siv3D-Platform\WindowsDesktop">
      <UniqueIdentifier>{9e219e02-597a-4ce8-b09a-bc50b5bbc11c}</UniqueIdentifier>
    </Filter>
    <Filter Include="src\Siv3D-Platform\OpenGL4\Siv3D">
      <UniqueIdentifier>{68f53a7e-71f1-4324-ba0c-9d65d2103d04}</UniqueIdentifier>
    </Filter>
    <Filter Include="src\Siv3D-Platform\WindowsDesktop\Siv3D">
      <UniqueIdentifier>{159c61ec-2599-4e83-80c7-15edee8085be}</UniqueIdentifier>
    </Filter>
    <Filter Include="include\Siv3D\Windows">
      <UniqueIdentifier>{a1a26725-7d2c-4db4-b9cf-65ce196c298f}</UniqueIdentifier>
    </Filter>
    <Filter Include="src\Siv3D\Console">
      <UniqueIdentifier>{917e6166-1619-4951-9096-cbd31a8e9813}</UniqueIdentifier>
    </Filter>
    <Filter Include="src\Siv3D\ConsoleBuffer">
      <UniqueIdentifier>{345947e6-9746-4f61-b9c0-11db2cb1446c}</UniqueIdentifier>
    </Filter>
    <Filter Include="src\Siv3D-Platform\WindowsDesktop\Siv3D\Unicode">
      <UniqueIdentifier>{de8c47d6-a657-4e67-8129-4b6cab96b7b6}</UniqueIdentifier>
    </Filter>
    <Filter Include="src\ThirdParty\simdutf">
      <UniqueIdentifier>{981f0df9-ba56-45af-811e-dd7e0f6806e3}</UniqueIdentifier>
    </Filter>
    <Filter Include="src\Siv3D\Engine">
      <UniqueIdentifier>{3a6116d8-d412-4209-baeb-fdf95d4af0a0}</UniqueIdentifier>
    </Filter>
    <Filter Include="src\Siv3D-Platform\WindowsDesktop\Siv3D\Console">
      <UniqueIdentifier>{ec86f6fc-6d4a-413d-b6f4-1e99576b9077}</UniqueIdentifier>
    </Filter>
    <Filter Include="src\Siv3D\Unicode">
      <UniqueIdentifier>{01303661-e7f4-4b3b-bf24-87510f888404}</UniqueIdentifier>
    </Filter>
    <Filter Include="include\Siv3D\detail">
      <UniqueIdentifier>{e1bb0de4-1fe7-43f2-adc6-4dbd1b98d259}</UniqueIdentifier>
    </Filter>
    <Filter Include="include\ThirdParty\nanobench">
      <UniqueIdentifier>{95565d6c-e92f-4312-8317-69fc9f5168f7}</UniqueIdentifier>
    </Filter>
    <Filter Include="include\ThirdParty\doctest">
      <UniqueIdentifier>{f21fab2c-3223-49bd-8f75-174f3dbe4ba9}</UniqueIdentifier>
    </Filter>
  </ItemGroup>
  <ItemGroup>
    <ClInclude Include="..\Siv3D\include\Siv3D.hpp">
      <Filter>include</Filter>
    </ClInclude>
    <ClInclude Include="..\Siv3D\include\Siv3D\Windows\Windows.hpp">
      <Filter>include\Siv3D\Windows</Filter>
    </ClInclude>
    <ClInclude Include="..\Siv3D\include\Siv3D\Windows\MinWindows.hpp">
      <Filter>include\Siv3D\Windows</Filter>
    </ClInclude>
    <ClInclude Include="..\Siv3D\include\Siv3D\Windows\ComPtr.hpp">
      <Filter>include\Siv3D\Windows</Filter>
    </ClInclude>
    <ClInclude Include="..\Siv3D\include\Siv3D\Windows\Libraries.hpp">
      <Filter>include\Siv3D\Windows</Filter>
    </ClInclude>
    <ClInclude Include="..\Siv3D\include\Siv3D\Platform.hpp">
      <Filter>include\Siv3D</Filter>
    </ClInclude>
    <ClInclude Include="..\Siv3D\include\Siv3D\Console.hpp">
      <Filter>include\Siv3D</Filter>
    </ClInclude>
    <ClInclude Include="..\Siv3D\include\Siv3D\String.hpp">
      <Filter>include\Siv3D</Filter>
    </ClInclude>
    <ClInclude Include="..\Siv3D\include\Siv3D\StringView.hpp">
      <Filter>include\Siv3D</Filter>
    </ClInclude>
    <ClInclude Include="..\Siv3D\include\Siv3D\ConsoleBuffer.hpp">
      <Filter>include\Siv3D</Filter>
    </ClInclude>
    <ClInclude Include="..\Siv3D\include\Siv3D\Unicode.hpp">
      <Filter>include\Siv3D</Filter>
    </ClInclude>
    <ClInclude Include="..\Siv3D\include\Siv3D\Common.hpp">
      <Filter>include\Siv3D</Filter>
    </ClInclude>
    <ClInclude Include="..\Siv3D\include\Siv3D\Types.hpp">
      <Filter>include\Siv3D</Filter>
    </ClInclude>
    <ClInclude Include="..\Siv3D\src\ThirdParty\simdutf\simdutf.h">
      <Filter>src\ThirdParty\simdutf</Filter>
    </ClInclude>
    <ClInclude Include="..\Siv3D\src\Siv3D\Engine\Siv3DEngine.hpp">
      <Filter>src\Siv3D\Engine</Filter>
    </ClInclude>
    <ClInclude Include="..\Siv3D\src\Siv3D\Engine\Siv3DComponent.hpp">
      <Filter>src\Siv3D\Engine</Filter>
    </ClInclude>
    <ClInclude Include="..\Siv3D\src\Siv3D\Console\IConsole.hpp">
      <Filter>src\Siv3D\Console</Filter>
    </ClInclude>
    <ClInclude Include="..\Siv3D\src\Siv3D-Platform\WindowsDesktop\Siv3D\Console\CConsole.hpp">
      <Filter>src\Siv3D-Platform\WindowsDesktop\Siv3D\Console</Filter>
    </ClInclude>
    <ClInclude Include="..\Siv3D\include\Siv3D\detail\Unicode.ipp">
      <Filter>include\Siv3D\detail</Filter>
    </ClInclude>
    <ClInclude Include="..\Siv3D\include\ThirdParty\nanobench\nanobench.h">
      <Filter>include\ThirdParty\nanobench</Filter>
    </ClInclude>
    <ClInclude Include="..\Siv3D\include\ThirdParty\doctest\doctest.h">
      <Filter>include\ThirdParty\doctest</Filter>
    </ClInclude>
    <ClInclude Include="..\Siv3D\include\Siv3D\Concepts.hpp">
      <Filter>include\Siv3D</Filter>
    </ClInclude>
  </ItemGroup>
  <ItemGroup>
    <ClCompile Include="..\Siv3D\src\Siv3D-Platform\WindowsDesktop\Siv3D\Siv3DMain.cpp">
      <Filter>src\Siv3D-Platform\WindowsDesktop\Siv3D</Filter>
    </ClCompile>
    <ClCompile Include="..\Siv3D\src\Siv3D\Console\SivConsole.cpp">
      <Filter>src\Siv3D\Console</Filter>
    </ClCompile>
    <ClCompile Include="..\Siv3D\src\Siv3D\ConsoleBuffer\SivConsoleBuffer.cpp">
      <Filter>src\Siv3D\ConsoleBuffer</Filter>
    </ClCompile>
    <ClCompile Include="..\Siv3D\src\Siv3D-Platform\WindowsDesktop\Siv3D\Unicode\SivUnicode_Windows.cpp">
      <Filter>src\Siv3D-Platform\WindowsDesktop\Siv3D\Unicode</Filter>
    </ClCompile>
    <ClCompile Include="..\Siv3D\src\ThirdParty\simdutf\simdutf.cpp">
      <Filter>src\ThirdParty\simdutf</Filter>
    </ClCompile>
    <ClCompile Include="..\Siv3D\src\Siv3D\Engine\Siv3DEngine.cpp">
      <Filter>src\Siv3D\Engine</Filter>
    </ClCompile>
    <ClCompile Include="..\Siv3D\src\Siv3D\Console\ConsoleFactory.cpp">
      <Filter>src\Siv3D\Console</Filter>
    </ClCompile>
    <ClCompile Include="..\Siv3D\src\Siv3D-Platform\WindowsDesktop\Siv3D\Console\CConsole.cpp">
      <Filter>src\Siv3D-Platform\WindowsDesktop\Siv3D\Console</Filter>
    </ClCompile>
    <ClCompile Include="..\Siv3D\src\Siv3D\Unicode\SivUnicode.cpp">
      <Filter>src\Siv3D\Unicode</Filter>
    </ClCompile>
  </ItemGroup>
</Project>