<?xml version="1.0" encoding="utf-8"?>
<Project ToolsVersion="4.0" xmlns="http://schemas.microsoft.com/developer/msbuild/2003">
  <ItemGroup>
    <Filter Include="Resource Files">
      <UniqueIdentifier>{03fe028c-0485-4440-abfb-59d9aacee82b}</UniqueIdentifier>
    </Filter>
    <Filter Include="Precompiled Headers">
      <UniqueIdentifier>{34362663-00da-42e2-b82d-46388891e9b3}</UniqueIdentifier>
    </Filter>
    <Filter Include="Test">
      <UniqueIdentifier>{e58e7a4a-ff4a-416a-9529-8e609d334c52}</UniqueIdentifier>
    </Filter>
  </ItemGroup>
  <ItemGroup>
    <None Include=".editorconfig" />
  </ItemGroup>
  <ItemGroup>
    <ClCompile Include="pch.cpp">
      <Filter>Precompiled Headers</Filter>
    </ClCompile>
    <ClCompile Include="Main.cpp" />
    <ClCompile Include="..\Test\Siv3DTest.cpp">
      <Filter>Test</Filter>
    </ClCompile>
    <ClCompile Include="..\Test\Test_Version.cpp">
      <Filter>Test</Filter>
    </ClCompile>
    <ClCompile Include="..\Test\Test_Types.cpp">
      <Filter>Test</Filter>
    </ClCompile>
    <ClCompile Include="..\Test\Test_Concepts.cpp">
      <Filter>Test</Filter>
    </ClCompile>
    <ClCompile Include="..\Test\Test_YesNo.cpp">
      <Filter>Test</Filter>
    </ClCompile>
    <ClCompile Include="..\Test\Test_NamedParameter.cpp">
      <Filter>Test</Filter>
    </ClCompile>
    <ClCompile Include="..\Test\Test_Indexed.cpp">
      <Filter>Test</Filter>
    </ClCompile>
    <ClCompile Include="..\Test\Test_Utility.cpp">
      <Filter>Test</Filter>
    </ClCompile>
    <ClCompile Include="..\Test\Test_Byte.cpp">
      <Filter>Test</Filter>
    </ClCompile>
    <ClCompile Include="..\Test\Test_Hash.cpp">
      <Filter>Test</Filter>
    </ClCompile>
    <ClCompile Include="..\Test\Test_Step.cpp">
      <Filter>Test</Filter>
    </ClCompile>
    <ClCompile Include="..\Test\Test_Memory.cpp">
      <Filter>Test</Filter>
    </ClCompile>
    <ClCompile Include="..\Test\Test_FunctionRef.cpp">
      <Filter>Test</Filter>
    </ClCompile>
    <ClCompile Include="..\Test\Test_Array.cpp">
      <Filter>Test</Filter>
    </ClCompile>
    <ClCompile Include="..\Test\Test_StringView.cpp">
      <Filter>Test</Filter>
    </ClCompile>
    <ClCompile Include="..\Test\Test_FmtExtension.cpp">
      <Filter>Test</Filter>
    </ClCompile>
    <ClCompile Include="..\Test\Test_RangeFormatter.cpp">
      <Filter>Test</Filter>
    </ClCompile>
    <ClCompile Include="..\Test\Test_TupleFormatter.cpp">
      <Filter>Test</Filter>
    </ClCompile>
    <ClCompile Include="..\Test\Test_FileSystem.cpp">
      <Filter>Test</Filter>
    </ClCompile>
    <ClCompile Include="..\Test\Test_Unicode.cpp">
      <Filter>Test</Filter>
    </ClCompile>
    <ClCompile Include="..\Test\Test_Platform.cpp">
      <Filter>Test</Filter>
    </ClCompile>
    <ClCompile Include="..\Test\Test_PRNG.cpp">
      <Filter>Test</Filter>
    </ClCompile>
    <ClCompile Include="..\Test\Test_TextReader.cpp">
      <Filter>Test</Filter>
    </ClCompile>
    <ClCompile Include="..\Test\Test_Color.cpp">
      <Filter>Test</Filter>
    </ClCompile>
    <ClCompile Include="..\Test\Test_ColorF.cpp">
      <Filter>Test</Filter>
    </ClCompile>
    <ClCompile Include="..\Test\Test_BinaryWriter.cpp">
      <Filter>Test</Filter>
    </ClCompile>
    <ClCompile Include="..\Test\Test_String.cpp">
      <Filter>Test</Filter>
    </ClCompile>
    <ClCompile Include="..\Test\Test_Base64Value.cpp">
      <Filter>Test</Filter>
    </ClCompile>
    <ClCompile Include="..\Test\Test_MemoryMappedFileView.cpp">
      <Filter>Test</Filter>
    </ClCompile>
    <ClCompile Include="..\Test\Test_Image.cpp">
      <Filter>Test</Filter>
    </ClCompile>
    <ClCompile Include="..\Test\Test_ScopeExit.cpp">
      <Filter>Test</Filter>
    </ClCompile>
    <ClCompile Include="..\Test\Test_Compression.cpp">
      <Filter>Test</Filter>
    </ClCompile>
    <ClCompile Include="..\Test\Test_MemoryMappedFile.cpp">
      <Filter>Test</Filter>
    </ClCompile>
    <ClCompile Include="..\Test\Test_JSON.cpp">
      <Filter>Test</Filter>
    </ClCompile>
    <ClCompile Include="..\Test\Test_Grid.cpp">
      <Filter>Test</Filter>
    </ClCompile>
  </ItemGroup>
  <ItemGroup>
    <Image Include="App\icon.ico">
      <Filter>Resource Files</Filter>
    </Image>
  </ItemGroup>
  <ItemGroup>
    <ResourceCompile Include="App\Resource.rc">
      <Filter>Resource Files</Filter>
    </ResourceCompile>
  </ItemGroup>
  <ItemGroup>
    <ClInclude Include="pch.h">
      <Filter>Precompiled Headers</Filter>
    </ClInclude>
    <ClInclude Include="..\Test\Siv3DTest.hpp">
      <Filter>Test</Filter>
    </ClInclude>
  </ItemGroup>
</Project>